
Microsoft Visual Studio Solution File, Format Version 12.00
# Visual Studio Version 17
VisualStudioVersion = 17.5.002.0
MinimumVisualStudioVersion = 10.0.40219.1
Project("{2150E333-8FDC-42A3-9474-1A3956D46DE8}") = "backend", "backend", "{8264D4F8-132D-441A-A904-246833D9551A}"
EndProject
Project("{9A19103F-16F7-4668-BE54-9A1E7A4F7556}") = "EvaluatePro", "backend\EvaluatePro\EvaluatePro.csproj", "{AE7FAD64-9329-4A2F-BE61-7ED9F6DB2CEB}"
EndProject
Global
	GlobalSection(SolutionConfigurationPlatforms) = preSolution
		Debug|Any CPU = Debug|Any CPU
		Release|Any CPU = Release|Any CPU
	EndGlobalSection
	GlobalSection(ProjectConfigurationPlatforms) = postSolution
		{AE7FAD64-9329-4A2F-BE61-7ED9F6DB2CEB}.Debug|Any CPU.ActiveCfg = Debug|Any CPU
		{AE7FAD64-9329-4A2F-BE61-7ED9F6DB2CEB}.Debug|Any CPU.Build.0 = Debug|Any CPU
		{AE7FAD64-9329-4A2F-BE61-7ED9F6DB2CEB}.Release|Any CPU.ActiveCfg = Release|Any CPU
		{AE7FAD64-9329-4A2F-BE61-7ED9F6DB2CEB}.Release|Any CPU.Build.0 = Release|Any CPU
	EndGlobalSection
	GlobalSection(SolutionProperties) = preSolution
		HideSolutionNode = FALSE
	EndGlobalSection
	GlobalSection(NestedProjects) = preSolution
		{AE7FAD64-9329-4A2F-BE61-7ED9F6DB2CEB} = {8264D4F8-132D-441A-A904-246833D9551A}
	EndGlobalSection
	GlobalSection(ExtensibilityGlobals) = postSolution
		SolutionGuid = {04F53A89-6834-4F13-AD8B-246045C976E4}
	EndGlobalSection
EndGlobal
