
Microsoft Visual Studio Solution File, Format Version 12.00
# Visual Studio Version 17
VisualStudioVersion = 17.5.002.0
MinimumVisualStudioVersion = 10.0.40219.1
Project("{2150E333-8FDC-42A3-9474-1A3956D46DE8}") = "backend", "backend", "{7892C809-A0F9-4884-B837-968C1155195A}"
EndProject
Project("{9A19103F-16F7-4668-BE54-9A1E7A4F7556}") = "EvaluatePro", "backend\EvaluatePro\EvaluatePro.csproj", "{1F6F2EF5-4D17-4E8B-8B29-D7110C4FB29C}"
EndProject
Global
	GlobalSection(SolutionConfigurationPlatforms) = preSolution
		Debug|Any CPU = Debug|Any CPU
		Release|Any CPU = Release|Any CPU
	EndGlobalSection
	GlobalSection(ProjectConfigurationPlatforms) = postSolution
		{1F6F2EF5-4D17-4E8B-8B29-D7110C4FB29C}.Debug|Any CPU.ActiveCfg = Debug|Any CPU
		{1F6F2EF5-4D17-4E8B-8B29-D7110C4FB29C}.Debug|Any CPU.Build.0 = Debug|Any CPU
		{1F6F2EF5-4D17-4E8B-8B29-D7110C4FB29C}.Release|Any CPU.ActiveCfg = Release|Any CPU
		{1F6F2EF5-4D17-4E8B-8B29-D7110C4FB29C}.Release|Any CPU.Build.0 = Release|Any CPU
	EndGlobalSection
	GlobalSection(SolutionProperties) = preSolution
		HideSolutionNode = FALSE
	EndGlobalSection
	GlobalSection(NestedProjects) = preSolution
		{1F6F2EF5-4D17-4E8B-8B29-D7110C4FB29C} = {7892C809-A0F9-4884-B837-968C1155195A}
	EndGlobalSection
	GlobalSection(ExtensibilityGlobals) = postSolution
		SolutionGuid = {FB855416-7AB3-48E1-A976-3FF814C004B4}
	EndGlobalSection
EndGlobal
